{
  "version": 4,
  "terraform_version": "1.11.4",
  "serial": 26,
  "lineage": "7a4e46d2-6dfa-830a-e391-d4178b8a5c11",
  "outputs": {
    "website_url": {
      "value": "https://storage.googleapis.com/avneet-resume-cv-bucket/index.html",
      "type": "string"
    }
  },
  "resources": [
    {
      "mode": "managed",
      "type": "google_storage_bucket",
      "name": "website_bucket",
      "provider": "provider[\"registry.terraform.io/hashicorp/google\"]",
      "instances": [
        {
          "schema_version": 0,
          "attributes": {
            "autoclass": [],
            "cors": [],
            "custom_placement_config": [],
            "default_event_based_hold": false,
            "encryption": [],
            "force_destroy": true,
            "id": "avneet-resume-cv-bucket",
            "labels": {},
            "lifecycle_rule": [],
            "location": "US-CENTRAL1",
            "logging": [],
            "name": "avneet-resume-cv-bucket",
            "project": "nomadic-grid-458518-j5",
            "public_access_prevention": "inherited",
            "requester_pays": false,
            "retention_policy": [],
            "self_link": "https://www.googleapis.com/storage/v1/b/avneet-resume-cv-bucket",
            "soft_delete_policy": [
              {
                "effective_time": "2025-05-21T01:06:17.100Z",
                "retention_duration_seconds": 604800
              }
            ],
            "storage_class": "STANDARD",
            "timeouts": null,
            "uniform_bucket_level_access": true,
            "url": "gs://avneet-resume-cv-bucket",
            "versioning": [],
            "website": [
              {
                "main_page_suffix": "index.html",
                "not_found_page": "index.html"
              }
            ]
          },
          "sensitive_attributes": [],
          "private": "eyJlMmJmYjczMC1lY2FhLTExZTYtOGY4OC0zNDM2M2JjN2M0YzAiOnsiY3JlYXRlIjo2MDAwMDAwMDAwMDAsInJlYWQiOjI0MDAwMDAwMDAwMCwidXBkYXRlIjoyNDAwMDAwMDAwMDB9fQ=="
        }
      ]
    },
    {
      "mode": "managed",
      "type": "google_storage_bucket_iam_member",
      "name": "public_read",
      "provider": "provider[\"registry.terraform.io/hashicorp/google\"]",
      "instances": [
        {
          "schema_version": 0,
          "attributes": {
            "bucket": "b/avneet-resume-cv-bucket",
            "condition": [],
            "etag": "CAI=",
            "id": "b/avneet-resume-cv-bucket/roles/storage.objectViewer/allUsers",
            "member": "allUsers",
            "role": "roles/storage.objectViewer"
          },
          "sensitive_attributes": [],
          "private": "bnVsbA==",
          "dependencies": [
            "google_storage_bucket.website_bucket"
          ]
        }
      ]
    },
    {
      "mode": "managed",
      "type": "google_storage_bucket_object",
      "name": "index",
      "provider": "provider[\"registry.terraform.io/hashicorp/google\"]",
      "instances": [
        {
          "schema_version": 0,
          "attributes": {
            "bucket": "avneet-resume-cv-bucket",
            "cache_control": "",
            "content": null,
            "content_disposition": "",
            "content_encoding": "",
            "content_language": "",
            "content_type": "text/html",
            "crc32c": "59ThdQ==",
            "customer_encryption": [],
            "detect_md5hash": "EGkioKkaizabdijXMqEotw==",
            "event_based_hold": false,
            "id": "avneet-resume-cv-bucket-index.html",
            "kms_key_name": "",
            "md5hash": "EGkioKkaizabdijXMqEotw==",
            "media_link": "https://storage.googleapis.com/download/storage/v1/b/avneet-resume-cv-bucket/o/index.html?generation=1747793252190131\u0026alt=media",
            "metadata": {},
            "name": "index.html",
            "output_name": "index.html",
            "self_link": "https://www.googleapis.com/storage/v1/b/avneet-resume-cv-bucket/o/index.html",
            "source": "index.html",
            "storage_class": "STANDARD",
            "temporary_hold": false,
            "timeouts": null
          },
          "sensitive_attributes": [
            [
              {
                "type": "get_attr",
                "value": "content"
              }
            ]
          ],
          "private": "eyJlMmJmYjczMC1lY2FhLTExZTYtOGY4OC0zNDM2M2JjN2M0YzAiOnsiY3JlYXRlIjoyNDAwMDAwMDAwMDAsImRlbGV0ZSI6MjQwMDAwMDAwMDAwLCJ1cGRhdGUiOjI0MDAwMDAwMDAwMH19",
          "dependencies": [
            "google_storage_bucket.website_bucket"
          ]
        }
      ]
    },
    {
      "mode": "managed",
      "type": "google_storage_bucket_object",
      "name": "styles",
      "provider": "provider[\"registry.terraform.io/hashicorp/google\"]",
      "instances": [
        {
          "schema_version": 0,
          "attributes": {
            "bucket": "avneet-resume-cv-bucket",
            "cache_control": "",
            "content": null,
            "content_disposition": "",
            "content_encoding": "",
            "content_language": "",
            "content_type": "text/css",
            "crc32c": "KMuGtQ==",
            "customer_encryption": [],
            "detect_md5hash": "jbDqZfhEiNmE4rjcetau+w==",
            "event_based_hold": false,
            "id": "avneet-resume-cv-bucket-styles.css",
            "kms_key_name": "",
            "md5hash": "jbDqZfhEiNmE4rjcetau+w==",
            "media_link": "https://storage.googleapis.com/download/storage/v1/b/avneet-resume-cv-bucket/o/styles.css?generation=1747793443037354\u0026alt=media",
            "metadata": null,
            "name": "styles.css",
            "output_name": "styles.css",
            "self_link": "https://www.googleapis.com/storage/v1/b/avneet-resume-cv-bucket/o/styles.css",
            "source": "styles.css",
            "storage_class": "STANDARD",
            "temporary_hold": false,
            "timeouts": null
          },
          "sensitive_attributes": [
            [
              {
                "type": "get_attr",
                "value": "content"
              }
            ]
          ],
          "private": "eyJlMmJmYjczMC1lY2FhLTExZTYtOGY4OC0zNDM2M2JjN2M0YzAiOnsiY3JlYXRlIjoyNDAwMDAwMDAwMDAsImRlbGV0ZSI6MjQwMDAwMDAwMDAwLCJ1cGRhdGUiOjI0MDAwMDAwMDAwMH19",
          "dependencies": [
            "google_storage_bucket.website_bucket"
          ]
        }
      ]
    }
  ],
  "check_results": null
}
